// !$*UTF8*$!
{
	archiveVersion = 1;
	classes = {
	};
	objectVersion = 50;
	objects = {

/* Begin PBXBuildFile section */
		2EC6321917F3D25D65E455CD /* libPods-cocoapods-playground-cocoapods-playgroundUITests.a in Frameworks */ = {isa = PBXBuildFile; fileRef = A36571151769CA66870471A2 /* libPods-cocoapods-playground-cocoapods-playgroundUITests.a */; };
		385A427874DBA300D42E453A /* libPods-cocoapods-playgroundTests.a in Frameworks */ = {isa = PBXBuildFile; fileRef = 5E8BF7E49235BCE27C2285C2 /* libPods-cocoapods-playgroundTests.a */; };
		4C116FBA2650ED4E00ED63F4 /* AppDelegate.m in Sources */ = {isa = PBXBuildFile; fileRef = 4C116FB92650ED4E00ED63F4 /* AppDelegate.m */; };
		4C116FBD2650ED4E00ED63F4 /* ViewController.m in Sources */ = {isa = PBXBuildFile; fileRef = 4C116FBC2650ED4E00ED63F4 /* ViewController.m */; };
		4C116FBF2650ED4F00ED63F4 /* Assets.xcassets in Resources */ = {isa = PBXBuildFile; fileRef = 4C116FBE2650ED4F00ED63F4 /* Assets.xcassets */; };
		4C116FC22650ED4F00ED63F4 /* Main.storyboard in Resources */ = {isa = PBXBuildFile; fileRef = 4C116FC02650ED4F00ED63F4 /* Main.storyboard */; };
		4C116FC52650ED4F00ED63F4 /* main.m in Sources */ = {isa = PBXBuildFile; fileRef = 4C116FC42650ED4F00ED63F4 /* main.m */; };
		4C116FD02650ED4F00ED63F4 /* cocoapods_playgroundTests.m in Sources */ = {isa = PBXBuildFile; fileRef = 4C116FCF2650ED4F00ED63F4 /* cocoapods_playgroundTests.m */; };
		4C116FDB2650ED4F00ED63F4 /* cocoapods_playgroundUITests.m in Sources */ = {isa = PBXBuildFile; fileRef = 4C116FDA2650ED4F00ED63F4 /* cocoapods_playgroundUITests.m */; };
		4C810AFE265177E400FB3CC6 /* textview.m in Sources */ = {isa = PBXBuildFile; fileRef = 4C810AFD265177E400FB3CC6 /* textview.m */; };
		BDC31C511ADDE66EE9C55D8F /* libPods-cocoapods-playground.a in Frameworks */ = {isa = PBXBuildFile; fileRef = FBC79AAD6D9B5F2E20DB3F11 /* libPods-cocoapods-playground.a */; };
/* End PBXBuildFile section */

/* Begin PBXContainerItemProxy section */
		4C116FCC2650ED4F00ED63F4 /* PBXContainerItemProxy */ = {
			isa = PBXContainerItemProxy;
			containerPortal = 4C116FAD2650ED4E00ED63F4 /* Project object */;
			proxyType = 1;
			remoteGlobalIDString = 4C116FB42650ED4E00ED63F4;
			remoteInfo = "cocoapods-playground";
		};
		4C116FD72650ED4F00ED63F4 /* PBXContainerItemProxy */ = {
			isa = PBXContainerItemProxy;
			containerPortal = 4C116FAD2650ED4E00ED63F4 /* Project object */;
			proxyType = 1;
			remoteGlobalIDString = 4C116FB42650ED4E00ED63F4;
			remoteInfo = "cocoapods-playground";
		};
/* End PBXContainerItemProxy section */

/* Begin PBXFileReference section */
		0F90E54A95CADB30B799AC04 /* Pods-cocoapods-playground-cocoapods-playgroundUITests.debug.xcconfig */ = {isa = PBXFileReference; includeInIndex = 1; lastKnownFileType = text.xcconfig; name = "Pods-cocoapods-playground-cocoapods-playgroundUITests.debug.xcconfig"; path = "Target Support Files/Pods-cocoapods-playground-cocoapods-playgroundUITests/Pods-cocoapods-playground-cocoapods-playgroundUITests.debug.xcconfig"; sourceTree = "<group>"; };
		1C5D58B21C00F477305C31E0 /* Pods-cocoapods-playground.debug.xcconfig */ = {isa = PBXFileReference; includeInIndex = 1; lastKnownFileType = text.xcconfig; name = "Pods-cocoapods-playground.debug.xcconfig"; path = "Target Support Files/Pods-cocoapods-playground/Pods-cocoapods-playground.debug.xcconfig"; sourceTree = "<group>"; };
		4C116FB52650ED4E00ED63F4 /* cocoapods-playground.app */ = {isa = PBXFileReference; explicitFileType = wrapper.application; includeInIndex = 0; path = "cocoapods-playground.app"; sourceTree = BUILT_PRODUCTS_DIR; };
		4C116FB82650ED4E00ED63F4 /* AppDelegate.h */ = {isa = PBXFileReference; lastKnownFileType = sourcecode.c.h; path = AppDelegate.h; sourceTree = "<group>"; };
		4C116FB92650ED4E00ED63F4 /* AppDelegate.m */ = {isa = PBXFileReference; lastKnownFileType = sourcecode.c.objc; path = AppDelegate.m; sourceTree = "<group>"; };
		4C116FBB2650ED4E00ED63F4 /* ViewController.h */ = {isa = PBXFileReference; lastKnownFileType = sourcecode.c.h; path = ViewController.h; sourceTree = "<group>"; };
		4C116FBC2650ED4E00ED63F4 /* ViewController.m */ = {isa = PBXFileReference; lastKnownFileType = sourcecode.c.objc; path = ViewController.m; sourceTree = "<group>"; };
		4C116FBE2650ED4F00ED63F4 /* Assets.xcassets */ = {isa = PBXFileReference; lastKnownFileType = folder.assetcatalog; path = Assets.xcassets; sourceTree = "<group>"; };
		4C116FC12650ED4F00ED63F4 /* Base */ = {isa = PBXFileReference; lastKnownFileType = file.storyboard; name = Base; path = Base.lproj/Main.storyboard; sourceTree = "<group>"; };
		4C116FC32650ED4F00ED63F4 /* Info.plist */ = {isa = PBXFileReference; lastKnownFileType = text.plist.xml; path = Info.plist; sourceTree = "<group>"; };
		4C116FC42650ED4F00ED63F4 /* main.m */ = {isa = PBXFileReference; lastKnownFileType = sourcecode.c.objc; path = main.m; sourceTree = "<group>"; };
		4C116FC62650ED4F00ED63F4 /* cocoapods_playground.entitlements */ = {isa = PBXFileReference; lastKnownFileType = text.plist.entitlements; path = cocoapods_playground.entitlements; sourceTree = "<group>"; };
		4C116FCB2650ED4F00ED63F4 /* cocoapods-playgroundTests.xctest */ = {isa = PBXFileReference; explicitFileType = wrapper.cfbundle; includeInIndex = 0; path = "cocoapods-playgroundTests.xctest"; sourceTree = BUILT_PRODUCTS_DIR; };
		4C116FCF2650ED4F00ED63F4 /* cocoapods_playgroundTests.m */ = {isa = PBXFileReference; lastKnownFileType = sourcecode.c.objc; path = cocoapods_playgroundTests.m; sourceTree = "<group>"; };
		4C116FD12650ED4F00ED63F4 /* Info.plist */ = {isa = PBXFileReference; lastKnownFileType = text.plist.xml; path = Info.plist; sourceTree = "<group>"; };
		4C116FD62650ED4F00ED63F4 /* cocoapods-playgroundUITests.xctest */ = {isa = PBXFileReference; explicitFileType = wrapper.cfbundle; includeInIndex = 0; path = "cocoapods-playgroundUITests.xctest"; sourceTree = BUILT_PRODUCTS_DIR; };
		4C116FDA2650ED4F00ED63F4 /* cocoapods_playgroundUITests.m */ = {isa = PBXFileReference; lastKnownFileType = sourcecode.c.objc; path = cocoapods_playgroundUITests.m; sourceTree = "<group>"; };
		4C116FDC2650ED4F00ED63F4 /* Info.plist */ = {isa = PBXFileReference; lastKnownFileType = text.plist.xml; path = Info.plist; sourceTree = "<group>"; };
		4C810AFC265177E400FB3CC6 /* textview.h */ = {isa = PBXFileReference; lastKnownFileType = sourcecode.c.h; path = textview.h; sourceTree = "<group>"; };
		4C810AFD265177E400FB3CC6 /* textview.m */ = {isa = PBXFileReference; lastKnownFileType = sourcecode.c.objc; path = textview.m; sourceTree = "<group>"; };
		5E8BF7E49235BCE27C2285C2 /* libPods-cocoapods-playgroundTests.a */ = {isa = PBXFileReference; explicitFileType = archive.ar; includeInIndex = 0; path = "libPods-cocoapods-playgroundTests.a"; sourceTree = BUILT_PRODUCTS_DIR; };
		82864A256013999A1EE85667 /* Pods-cocoapods-playgroundTests.release.xcconfig */ = {isa = PBXFileReference; includeInIndex = 1; lastKnownFileType = text.xcconfig; name = "Pods-cocoapods-playgroundTests.release.xcconfig"; path = "Target Support Files/Pods-cocoapods-playgroundTests/Pods-cocoapods-playgroundTests.release.xcconfig"; sourceTree = "<group>"; };
		8C39F26BA0C35E264D827FE6 /* Pods-cocoapods-playground-cocoapods-playgroundUITests.release.xcconfig */ = {isa = PBXFileReference; includeInIndex = 1; lastKnownFileType = text.xcconfig; name = "Pods-cocoapods-playground-cocoapods-playgroundUITests.release.xcconfig"; path = "Target Support Files/Pods-cocoapods-playground-cocoapods-playgroundUITests/Pods-cocoapods-playground-cocoapods-playgroundUITests.release.xcconfig"; sourceTree = "<group>"; };
		A36571151769CA66870471A2 /* libPods-cocoapods-playground-cocoapods-playgroundUITests.a */ = {isa = PBXFileReference; explicitFileType = archive.ar; includeInIndex = 0; path = "libPods-cocoapods-playground-cocoapods-playgroundUITests.a"; sourceTree = BUILT_PRODUCTS_DIR; };
		BF336AB7A5657C3DE0050C79 /* Pods-cocoapods-playground.release.xcconfig */ = {isa = PBXFileReference; includeInIndex = 1; lastKnownFileType = text.xcconfig; name = "Pods-cocoapods-playground.release.xcconfig"; path = "Target Support Files/Pods-cocoapods-playground/Pods-cocoapods-playground.release.xcconfig"; sourceTree = "<group>"; };
		C6F96613EB08A8928BF2BABB /* Pods-cocoapods-playgroundTests.debug.xcconfig */ = {isa = PBXFileReference; includeInIndex = 1; lastKnownFileType = text.xcconfig; name = "Pods-cocoapods-playgroundTests.debug.xcconfig"; path = "Target Support Files/Pods-cocoapods-playgroundTests/Pods-cocoapods-playgroundTests.debug.xcconfig"; sourceTree = "<group>"; };
		FBC79AAD6D9B5F2E20DB3F11 /* libPods-cocoapods-playground.a */ = {isa = PBXFileReference; explicitFileType = archive.ar; includeInIndex = 0; path = "libPods-cocoapods-playground.a"; sourceTree = BUILT_PRODUCTS_DIR; };
/* End PBXFileReference section */

/* Begin PBXFrameworksBuildPhase section */
		4C116FB22650ED4E00ED63F4 /* Frameworks */ = {
			isa = PBXFrameworksBuildPhase;
			buildActionMask = 2147483647;
			files = (
				BDC31C511ADDE66EE9C55D8F /* libPods-cocoapods-playground.a in Frameworks */,
			);
			runOnlyForDeploymentPostprocessing = 0;
		};
		4C116FC82650ED4F00ED63F4 /* Frameworks */ = {
			isa = PBXFrameworksBuildPhase;
			buildActionMask = 2147483647;
			files = (
				385A427874DBA300D42E453A /* libPods-cocoapods-playgroundTests.a in Frameworks */,
			);
			runOnlyForDeploymentPostprocessing = 0;
		};
		4C116FD32650ED4F00ED63F4 /* Frameworks */ = {
			isa = PBXFrameworksBuildPhase;
			buildActionMask = 2147483647;
			files = (
				2EC6321917F3D25D65E455CD /* libPods-cocoapods-playground-cocoapods-playgroundUITests.a in Frameworks */,
			);
			runOnlyForDeploymentPostprocessing = 0;
		};
/* End PBXFrameworksBuildPhase section */

/* Begin PBXGroup section */
		4C116FAC2650ED4E00ED63F4 = {
			isa = PBXGroup;
			children = (
				4C116FB72650ED4E00ED63F4 /* cocoapods-playground */,
				4C116FCE2650ED4F00ED63F4 /* cocoapods-playgroundTests */,
				4C116FD92650ED4F00ED63F4 /* cocoapods-playgroundUITests */,
				4C116FB62650ED4E00ED63F4 /* Products */,
				BDB55B21F76F068D73B6D5BF /* Pods */,
				7F7B7F1ACC6A6B89C3205C77 /* Frameworks */,
			);
			sourceTree = "<group>";
		};
		4C116FB62650ED4E00ED63F4 /* Products */ = {
			isa = PBXGroup;
			children = (
				4C116FB52650ED4E00ED63F4 /* cocoapods-playground.app */,
				4C116FCB2650ED4F00ED63F4 /* cocoapods-playgroundTests.xctest */,
				4C116FD62650ED4F00ED63F4 /* cocoapods-playgroundUITests.xctest */,
			);
			name = Products;
			sourceTree = "<group>";
		};
		4C116FB72650ED4E00ED63F4 /* cocoapods-playground */ = {
			isa = PBXGroup;
			children = (
				4C116FB82650ED4E00ED63F4 /* AppDelegate.h */,
				4C116FB92650ED4E00ED63F4 /* AppDelegate.m */,
				4C116FBB2650ED4E00ED63F4 /* ViewController.h */,
				4C116FBC2650ED4E00ED63F4 /* ViewController.m */,
				4C116FBE2650ED4F00ED63F4 /* Assets.xcassets */,
				4C116FC02650ED4F00ED63F4 /* Main.storyboard */,
				4C116FC32650ED4F00ED63F4 /* Info.plist */,
				4C116FC42650ED4F00ED63F4 /* main.m */,
				4C810AFC265177E400FB3CC6 /* textview.h */,
				4C810AFD265177E400FB3CC6 /* textview.m */,
				4C116FC62650ED4F00ED63F4 /* cocoapods_playground.entitlements */,
			);
			path = "cocoapods-playground";
			sourceTree = "<group>";
		};
		4C116FCE2650ED4F00ED63F4 /* cocoapods-playgroundTests */ = {
			isa = PBXGroup;
			children = (
				4C116FCF2650ED4F00ED63F4 /* cocoapods_playgroundTests.m */,
				4C116FD12650ED4F00ED63F4 /* Info.plist */,
			);
			path = "cocoapods-playgroundTests";
			sourceTree = "<group>";
		};
		4C116FD92650ED4F00ED63F4 /* cocoapods-playgroundUITests */ = {
			isa = PBXGroup;
			children = (
				4C116FDA2650ED4F00ED63F4 /* cocoapods_playgroundUITests.m */,
				4C116FDC2650ED4F00ED63F4 /* Info.plist */,
			);
			path = "cocoapods-playgroundUITests";
			sourceTree = "<group>";
		};
		7F7B7F1ACC6A6B89C3205C77 /* Frameworks */ = {
			isa = PBXGroup;
			children = (
				FBC79AAD6D9B5F2E20DB3F11 /* libPods-cocoapods-playground.a */,
				A36571151769CA66870471A2 /* libPods-cocoapods-playground-cocoapods-playgroundUITests.a */,
				5E8BF7E49235BCE27C2285C2 /* libPods-cocoapods-playgroundTests.a */,
			);
			name = Frameworks;
			sourceTree = "<group>";
		};
		BDB55B21F76F068D73B6D5BF /* Pods */ = {
			isa = PBXGroup;
			children = (
				1C5D58B21C00F477305C31E0 /* Pods-cocoapods-playground.debug.xcconfig */,
				BF336AB7A5657C3DE0050C79 /* Pods-cocoapods-playground.release.xcconfig */,
				0F90E54A95CADB30B799AC04 /* Pods-cocoapods-playground-cocoapods-playgroundUITests.debug.xcconfig */,
				8C39F26BA0C35E264D827FE6 /* Pods-cocoapods-playground-cocoapods-playgroundUITests.release.xcconfig */,
				C6F96613EB08A8928BF2BABB /* Pods-cocoapods-playgroundTests.debug.xcconfig */,
				82864A256013999A1EE85667 /* Pods-cocoapods-playgroundTests.release.xcconfig */,
			);
			path = Pods;
			sourceTree = "<group>";
		};
/* End PBXGroup section */

/* Begin PBXNativeTarget section */
		4C116FB42650ED4E00ED63F4 /* cocoapods-playground */ = {
			isa = PBXNativeTarget;
			buildConfigurationList = 4C116FDF2650ED4F00ED63F4 /* Build configuration list for PBXNativeTarget "cocoapods-playground" */;
			buildPhases = (
				E0AE265ECB8CEF4BAF017629 /* [CP] Check Pods Manifest.lock */,
				4C116FB12650ED4E00ED63F4 /* Sources */,
				4C116FB22650ED4E00ED63F4 /* Frameworks */,
				4C116FB32650ED4E00ED63F4 /* Resources */,
			);
			buildRules = (
			);
			dependencies = (
			);
			name = "cocoapods-playground";
			productName = "cocoapods-playground";
			productReference = 4C116FB52650ED4E00ED63F4 /* cocoapods-playground.app */;
			productType = "com.apple.product-type.application";
		};
		4C116FCA2650ED4F00ED63F4 /* cocoapods-playgroundTests */ = {
			isa = PBXNativeTarget;
			buildConfigurationList = 4C116FE22650ED4F00ED63F4 /* Build configuration list for PBXNativeTarget "cocoapods-playgroundTests" */;
			buildPhases = (
				63DF104C5C4849F8726C3A4E /* [CP] Check Pods Manifest.lock */,
				4C116FC72650ED4F00ED63F4 /* Sources */,
				4C116FC82650ED4F00ED63F4 /* Frameworks */,
				4C116FC92650ED4F00ED63F4 /* Resources */,
			);
			buildRules = (
			);
			dependencies = (
				4C116FCD2650ED4F00ED63F4 /* PBXTargetDependency */,
			);
			name = "cocoapods-playgroundTests";
			productName = "cocoapods-playgroundTests";
			productReference = 4C116FCB2650ED4F00ED63F4 /* cocoapods-playgroundTests.xctest */;
			productType = "com.apple.product-type.bundle.unit-test";
		};
		4C116FD52650ED4F00ED63F4 /* cocoapods-playgroundUITests */ = {
			isa = PBXNativeTarget;
			buildConfigurationList = 4C116FE52650ED4F00ED63F4 /* Build configuration list for PBXNativeTarget "cocoapods-playgroundUITests" */;
			buildPhases = (
				F94127C68FB5F7C615C16B14 /* [CP] Check Pods Manifest.lock */,
				4C116FD22650ED4F00ED63F4 /* Sources */,
				4C116FD32650ED4F00ED63F4 /* Frameworks */,
				4C116FD42650ED4F00ED63F4 /* Resources */,
			);
			buildRules = (
			);
			dependencies = (
				4C116FD82650ED4F00ED63F4 /* PBXTargetDependency */,
			);
			name = "cocoapods-playgroundUITests";
			productName = "cocoapods-playgroundUITests";
			productReference = 4C116FD62650ED4F00ED63F4 /* cocoapods-playgroundUITests.xctest */;
			productType = "com.apple.product-type.bundle.ui-testing";
		};
/* End PBXNativeTarget section */

/* Begin PBXProject section */
		4C116FAD2650ED4E00ED63F4 /* Project object */ = {
			isa = PBXProject;
			attributes = {
				LastUpgradeCheck = 1250;
				TargetAttributes = {
					4C116FB42650ED4E00ED63F4 = {
						CreatedOnToolsVersion = 12.5;
					};
					4C116FCA2650ED4F00ED63F4 = {
						CreatedOnToolsVersion = 12.5;
						TestTargetID = 4C116FB42650ED4E00ED63F4;
					};
					4C116FD52650ED4F00ED63F4 = {
						CreatedOnToolsVersion = 12.5;
						TestTargetID = 4C116FB42650ED4E00ED63F4;
					};
				};
			};
			buildConfigurationList = 4C116FB02650ED4E00ED63F4 /* Build configuration list for PBXProject "cocoapods-playground" */;
			compatibilityVersion = "Xcode 9.3";
			developmentRegion = en;
			hasScannedForEncodings = 0;
			knownRegions = (
				en,
				Base,
			);
			mainGroup = 4C116FAC2650ED4E00ED63F4;
			productRefGroup = 4C116FB62650ED4E00ED63F4 /* Products */;
			projectDirPath = "";
			projectRoot = "";
			targets = (
				4C116FB42650ED4E00ED63F4 /* cocoapods-playground */,
				4C116FCA2650ED4F00ED63F4 /* cocoapods-playgroundTests */,
				4C116FD52650ED4F00ED63F4 /* cocoapods-playgroundUITests */,
			);
		};
/* End PBXProject section */

/* Begin PBXResourcesBuildPhase section */
		4C116FB32650ED4E00ED63F4 /* Resources */ = {
			isa = PBXResourcesBuildPhase;
			buildActionMask = 2147483647;
			files = (
				4C116FBF2650ED4F00ED63F4 /* Assets.xcassets in Resources */,
				4C116FC22650ED4F00ED63F4 /* Main.storyboard in Resources */,
			);
			runOnlyForDeploymentPostprocessing = 0;
		};
		4C116FC92650ED4F00ED63F4 /* Resources */ = {
			isa = PBXResourcesBuildPhase;
			buildActionMask = 2147483647;
			files = (
			);
			runOnlyForDeploymentPostprocessing = 0;
		};
		4C116FD42650ED4F00ED63F4 /* Resources */ = {
			isa = PBXResourcesBuildPhase;
			buildActionMask = 2147483647;
			files = (
			);
			runOnlyForDeploymentPostprocessing = 0;
		};
/* End PBXResourcesBuildPhase section */

/* Begin PBXShellScriptBuildPhase section */
		63DF104C5C4849F8726C3A4E /* [CP] Check Pods Manifest.lock */ = {
			isa = PBXShellScriptBuildPhase;
			buildActionMask = 2147483647;
			files = (
			);
			inputFileListPaths = (
			);
			inputPaths = (
				"${PODS_PODFILE_DIR_PATH}/Podfile.lock",
				"${PODS_ROOT}/Manifest.lock",
			);
			name = "[CP] Check Pods Manifest.lock";
			outputFileListPaths = (
			);
			outputPaths = (
				"$(DERIVED_FILE_DIR)/Pods-cocoapods-playgroundTests-checkManifestLockResult.txt",
			);
			runOnlyForDeploymentPostprocessing = 0;
			shellPath = /bin/sh;
			shellScript = "diff \"${PODS_PODFILE_DIR_PATH}/Podfile.lock\" \"${PODS_ROOT}/Manifest.lock\" > /dev/null\nif [ $? != 0 ] ; then\n    # print error to STDERR\n    echo \"error: The sandbox is not in sync with the Podfile.lock. Run 'pod install' or update your CocoaPods installation.\" >&2\n    exit 1\nfi\n# This output is used by Xcode 'outputs' to avoid re-running this script phase.\necho \"SUCCESS\" > \"${SCRIPT_OUTPUT_FILE_0}\"\n";
			showEnvVarsInLog = 0;
		};
		E0AE265ECB8CEF4BAF017629 /* [CP] Check Pods Manifest.lock */ = {
			isa = PBXShellScriptBuildPhase;
			buildActionMask = 2147483647;
			files = (
			);
			inputFileListPaths = (
			);
			inputPaths = (
				"${PODS_PODFILE_DIR_PATH}/Podfile.lock",
				"${PODS_ROOT}/Manifest.lock",
			);
			name = "[CP] Check Pods Manifest.lock";
			outputFileListPaths = (
			);
			outputPaths = (
				"$(DERIVED_FILE_DIR)/Pods-cocoapods-playground-checkManifestLockResult.txt",
			);
			runOnlyForDeploymentPostprocessing = 0;
			shellPath = /bin/sh;
			shellScript = "diff \"${PODS_PODFILE_DIR_PATH}/Podfile.lock\" \"${PODS_ROOT}/Manifest.lock\" > /dev/null\nif [ $? != 0 ] ; then\n    # print error to STDERR\n    echo \"error: The sandbox is not in sync with the Podfile.lock. Run 'pod install' or update your CocoaPods installation.\" >&2\n    exit 1\nfi\n# This output is used by Xcode 'outputs' to avoid re-running this script phase.\necho \"SUCCESS\" > \"${SCRIPT_OUTPUT_FILE_0}\"\n";
			showEnvVarsInLog = 0;
		};
		F94127C68FB5F7C615C16B14 /* [CP] Check Pods Manifest.lock */ = {
			isa = PBXShellScriptBuildPhase;
			buildActionMask = 2147483647;
			files = (
			);
			inputFileListPaths = (
			);
			inputPaths = (
				"${PODS_PODFILE_DIR_PATH}/Podfile.lock",
				"${PODS_ROOT}/Manifest.lock",
			);
			name = "[CP] Check Pods Manifest.lock";
			outputFileListPaths = (
			);
			outputPaths = (
				"$(DERIVED_FILE_DIR)/Pods-cocoapods-playground-cocoapods-playgroundUITests-checkManifestLockResult.txt",
			);
			runOnlyForDeploymentPostprocessing = 0;
			shellPath = /bin/sh;
			shellScript = "diff \"${PODS_PODFILE_DIR_PATH}/Podfile.lock\" \"${PODS_ROOT}/Manifest.lock\" > /dev/null\nif [ $? != 0 ] ; then\n    # print error to STDERR\n    echo \"error: The sandbox is not in sync with the Podfile.lock. Run 'pod install' or update your CocoaPods installation.\" >&2\n    exit 1\nfi\n# This output is used by Xcode 'outputs' to avoid re-running this script phase.\necho \"SUCCESS\" > \"${SCRIPT_OUTPUT_FILE_0}\"\n";
			showEnvVarsInLog = 0;
		};
/* End PBXShellScriptBuildPhase section */

/* Begin PBXSourcesBuildPhase section */
		4C116FB12650ED4E00ED63F4 /* Sources */ = {
			isa = PBXSourcesBuildPhase;
			buildActionMask = 2147483647;
			files = (
				4C116FBD2650ED4E00ED63F4 /* ViewController.m in Sources */,
				4C810AFE265177E400FB3CC6 /* textview.m in Sources */,
				4C116FC52650ED4F00ED63F4 /* main.m in Sources */,
				4C116FBA2650ED4E00ED63F4 /* AppDelegate.m in Sources */,
			);
			runOnlyForDeploymentPostprocessing = 0;
		};
		4C116FC72650ED4F00ED63F4 /* Sources */ = {
			isa = PBXSourcesBuildPhase;
			buildActionMask = 2147483647;
			files = (
				4C116FD02650ED4F00ED63F4 /* cocoapods_playgroundTests.m in Sources */,
			);
			runOnlyForDeploymentPostprocessing = 0;
		};
		4C116FD22650ED4F00ED63F4 /* Sources */ = {
			isa = PBXSourcesBuildPhase;
			buildActionMask = 2147483647;
			files = (
				4C116FDB2650ED4F00ED63F4 /* cocoapods_playgroundUITests.m in Sources */,
			);
			runOnlyForDeploymentPostprocessing = 0;
		};
/* End PBXSourcesBuildPhase section */

/* Begin PBXTargetDependency section */
		4C116FCD2650ED4F00ED63F4 /* PBXTargetDependency */ = {
			isa = PBXTargetDependency;
			target = 4C116FB42650ED4E00ED63F4 /* cocoapods-playground */;
			targetProxy = 4C116FCC2650ED4F00ED63F4 /* PBXContainerItemProxy */;
		};
		4C116FD82650ED4F00ED63F4 /* PBXTargetDependency */ = {
			isa = PBXTargetDependency;
			target = 4C116FB42650ED4E00ED63F4 /* cocoapods-playground */;
			targetProxy = 4C116FD72650ED4F00ED63F4 /* PBXContainerItemProxy */;
		};
/* End PBXTargetDependency section */

/* Begin PBXVariantGroup section */
		4C116FC02650ED4F00ED63F4 /* Main.storyboard */ = {
			isa = PBXVariantGroup;
			children = (
				4C116FC12650ED4F00ED63F4 /* Base */,
			);
			name = Main.storyboard;
			sourceTree = "<group>";
		};
/* End PBXVariantGroup section */

/* Begin XCBuildConfiguration section */
		4C116FDD2650ED4F00ED63F4 /* Debug */ = {
			isa = XCBuildConfiguration;
			buildSettings = {
				ALWAYS_SEARCH_USER_PATHS = NO;
				CLANG_ANALYZER_NONNULL = YES;
				CLANG_ANALYZER_NUMBER_OBJECT_CONVERSION = YES_AGGRESSIVE;
				CLANG_CXX_LANGUAGE_STANDARD = "gnu++14";
				CLANG_CXX_LIBRARY = "libc++";
				CLANG_ENABLE_MODULES = YES;
				CLANG_ENABLE_OBJC_ARC = YES;
				CLANG_ENABLE_OBJC_WEAK = YES;
				CLANG_WARN_BLOCK_CAPTURE_AUTORELEASING = YES;
				CLANG_WARN_BOOL_CONVERSION = YES;
				CLANG_WARN_COMMA = YES;
				CLANG_WARN_CONSTANT_CONVERSION = YES;
				CLANG_WARN_DEPRECATED_OBJC_IMPLEMENTATIONS = YES;
				CLANG_WARN_DIRECT_OBJC_ISA_USAGE = YES_ERROR;
				CLANG_WARN_DOCUMENTATION_COMMENTS = YES;
				CLANG_WARN_EMPTY_BODY = YES;
				CLANG_WARN_ENUM_CONVERSION = YES;
				CLANG_WARN_INFINITE_RECURSION = YES;
				CLANG_WARN_INT_CONVERSION = YES;
				CLANG_WARN_NON_LITERAL_NULL_CONVERSION = YES;
				CLANG_WARN_OBJC_IMPLICIT_RETAIN_SELF = YES;
				CLANG_WARN_OBJC_LITERAL_CONVERSION = YES;
				CLANG_WARN_OBJC_ROOT_CLASS = YES_ERROR;
				CLANG_WARN_QUOTED_INCLUDE_IN_FRAMEWORK_HEADER = YES;
				CLANG_WARN_RANGE_LOOP_ANALYSIS = YES;
				CLANG_WARN_STRICT_PROTOTYPES = YES;
				CLANG_WARN_SUSPICIOUS_MOVE = YES;
				CLANG_WARN_UNGUARDED_AVAILABILITY = YES_AGGRESSIVE;
				CLANG_WARN_UNREACHABLE_CODE = YES;
				CLANG_WARN__DUPLICATE_METHOD_MATCH = YES;
				COPY_PHASE_STRIP = NO;
				DEBUG_INFORMATION_FORMAT = dwarf;
				ENABLE_STRICT_OBJC_MSGSEND = YES;
				ENABLE_TESTABILITY = YES;
				GCC_C_LANGUAGE_STANDARD = gnu11;
				GCC_DYNAMIC_NO_PIC = NO;
				GCC_NO_COMMON_BLOCKS = YES;
				GCC_OPTIMIZATION_LEVEL = 0;
				GCC_PREPROCESSOR_DEFINITIONS = (
					"DEBUG=1",
					"$(inherited)",
				);
				GCC_WARN_64_TO_32_BIT_CONVERSION = YES;
				GCC_WARN_ABOUT_RETURN_TYPE = YES_ERROR;
				GCC_WARN_UNDECLARED_SELECTOR = YES;
				GCC_WARN_UNINITIALIZED_AUTOS = YES_AGGRESSIVE;
				GCC_WARN_UNUSED_FUNCTION = YES;
				GCC_WARN_UNUSED_VARIABLE = YES;
				MACOSX_DEPLOYMENT_TARGET = 11.3;
				MTL_ENABLE_DEBUG_INFO = INCLUDE_SOURCE;
				MTL_FAST_MATH = YES;
				ONLY_ACTIVE_ARCH = YES;
				SDKROOT = macosx;
			};
			name = Debug;
		};
		4C116FDE2650ED4F00ED63F4 /* Release */ = {
			isa = XCBuildConfiguration;
			buildSettings = {
				ALWAYS_SEARCH_USER_PATHS = NO;
				CLANG_ANALYZER_NONNULL = YES;
				CLANG_ANALYZER_NUMBER_OBJECT_CONVERSION = YES_AGGRESSIVE;
				CLANG_CXX_LANGUAGE_STANDARD = "gnu++14";
				CLANG_CXX_LIBRARY = "libc++";
				CLANG_ENABLE_MODULES = YES;
				CLANG_ENABLE_OBJC_ARC = YES;
				CLANG_ENABLE_OBJC_WEAK = YES;
				CLANG_WARN_BLOCK_CAPTURE_AUTORELEASING = YES;
				CLANG_WARN_BOOL_CONVERSION = YES;
				CLANG_WARN_COMMA = YES;
				CLANG_WARN_CONSTANT_CONVERSION = YES;
				CLANG_WARN_DEPRECATED_OBJC_IMPLEMENTATIONS = YES;
				CLANG_WARN_DIRECT_OBJC_ISA_USAGE = YES_ERROR;
				CLANG_WARN_DOCUMENTATION_COMMENTS = YES;
				CLANG_WARN_EMPTY_BODY = YES;
				CLANG_WARN_ENUM_CONVERSION = YES;
				CLANG_WARN_INFINITE_RECURSION = YES;
				CLANG_WARN_INT_CONVERSION = YES;
				CLANG_WARN_NON_LITERAL_NULL_CONVERSION = YES;
				CLANG_WARN_OBJC_IMPLICIT_RETAIN_SELF = YES;
				CLANG_WARN_OBJC_LITERAL_CONVERSION = YES;
				CLANG_WARN_OBJC_ROOT_CLASS = YES_ERROR;
				CLANG_WARN_QUOTED_INCLUDE_IN_FRAMEWORK_HEADER = YES;
				CLANG_WARN_RANGE_LOOP_ANALYSIS = YES;
				CLANG_WARN_STRICT_PROTOTYPES = YES;
				CLANG_WARN_SUSPICIOUS_MOVE = YES;
				CLANG_WARN_UNGUARDED_AVAILABILITY = YES_AGGRESSIVE;
				CLANG_WARN_UNREACHABLE_CODE = YES;
				CLANG_WARN__DUPLICATE_METHOD_MATCH = YES;
				COPY_PHASE_STRIP = NO;
				DEBUG_INFORMATION_FORMAT = "dwarf-with-dsym";
				ENABLE_NS_ASSERTIONS = NO;
				ENABLE_STRICT_OBJC_MSGSEND = YES;
				GCC_C_LANGUAGE_STANDARD = gnu11;
				GCC_NO_COMMON_BLOCKS = YES;
				GCC_WARN_64_TO_32_BIT_CONVERSION = YES;
				GCC_WARN_ABOUT_RETURN_TYPE = YES_ERROR;
				GCC_WARN_UNDECLARED_SELECTOR = YES;
				GCC_WARN_UNINITIALIZED_AUTOS = YES_AGGRESSIVE;
				GCC_WARN_UNUSED_FUNCTION = YES;
				GCC_WARN_UNUSED_VARIABLE = YES;
				MACOSX_DEPLOYMENT_TARGET = 11.3;
				MTL_ENABLE_DEBUG_INFO = NO;
				MTL_FAST_MATH = YES;
				SDKROOT = macosx;
			};
			name = Release;
		};
		4C116FE02650ED4F00ED63F4 /* Debug */ = {
			isa = XCBuildConfiguration;
			baseConfigurationReference = 1C5D58B21C00F477305C31E0 /* Pods-cocoapods-playground.debug.xcconfig */;
			buildSettings = {
				ASSETCATALOG_COMPILER_APPICON_NAME = AppIcon;
				ASSETCATALOG_COMPILER_GLOBAL_ACCENT_COLOR_NAME = AccentColor;
				CODE_SIGN_ENTITLEMENTS = "cocoapods-playground/cocoapods_playground.entitlements";
				CODE_SIGN_IDENTITY = "-";
				CODE_SIGN_STYLE = Automatic;
				COMBINE_HIDPI_IMAGES = YES;
				INFOPLIST_FILE = "cocoapods-playground/Info.plist";
				LD_RUNPATH_SEARCH_PATHS = (
					"$(inherited)",
					"@executable_path/../Frameworks",
				);
				PRODUCT_BUNDLE_IDENTIFIER = "com.example.cocoapods-playground";
				PRODUCT_NAME = "$(TARGET_NAME)";
			};
			name = Debug;
		};
		4C116FE12650ED4F00ED63F4 /* Release */ = {
			isa = XCBuildConfiguration;
			baseConfigurationReference = BF336AB7A5657C3DE0050C79 /* Pods-cocoapods-playground.release.xcconfig */;
			buildSettings = {
				ASSETCATALOG_COMPILER_APPICON_NAME = AppIcon;
				ASSETCATALOG_COMPILER_GLOBAL_ACCENT_COLOR_NAME = AccentColor;
				CODE_SIGN_ENTITLEMENTS = "cocoapods-playground/cocoapods_playground.entitlements";
				CODE_SIGN_IDENTITY = "-";
				CODE_SIGN_STYLE = Automatic;
				COMBINE_HIDPI_IMAGES = YES;
				INFOPLIST_FILE = "cocoapods-playground/Info.plist";
				LD_RUNPATH_SEARCH_PATHS = (
					"$(inherited)",
					"@executable_path/../Frameworks",
				);
				PRODUCT_BUNDLE_IDENTIFIER = "com.example.cocoapods-playground";
				PRODUCT_NAME = "$(TARGET_NAME)";
			};
			name = Release;
		};
		4C116FE32650ED4F00ED63F4 /* Debug */ = {
			isa = XCBuildConfiguration;
			baseConfigurationReference = C6F96613EB08A8928BF2BABB /* Pods-cocoapods-playgroundTests.debug.xcconfig */;
			buildSettings = {
				BUNDLE_LOADER = "$(TEST_HOST)";
				CODE_SIGN_STYLE = Automatic;
				COMBINE_HIDPI_IMAGES = YES;
				INFOPLIST_FILE = "cocoapods-playgroundTests/Info.plist";
				LD_RUNPATH_SEARCH_PATHS = (
					"$(inherited)",
					"@executable_path/../Frameworks",
					"@loader_path/../Frameworks",
				);
				MACOSX_DEPLOYMENT_TARGET = 11.3;
				PRODUCT_BUNDLE_IDENTIFIER = "com.example.cocoapods-playgroundTests";
				PRODUCT_NAME = "$(TARGET_NAME)";
				TEST_HOST = "$(BUILT_PRODUCTS_DIR)/cocoapods-playground.app/Contents/MacOS/cocoapods-playground";
			};
			name = Debug;
		};
		4C116FE42650ED4F00ED63F4 /* Release */ = {
			isa = XCBuildConfiguration;
			baseConfigurationReference = 82864A256013999A1EE85667 /* Pods-cocoapods-playgroundTests.release.xcconfig */;
			buildSettings = {
				BUNDLE_LOADER = "$(TEST_HOST)";
				CODE_SIGN_STYLE = Automatic;
				COMBINE_HIDPI_IMAGES = YES;
				INFOPLIST_FILE = "cocoapods-playgroundTests/Info.plist";
				LD_RUNPATH_SEARCH_PATHS = (
					"$(inherited)",
					"@executable_path/../Frameworks",
					"@loader_path/../Frameworks",
				);
				MACOSX_DEPLOYMENT_TARGET = 11.3;
				PRODUCT_BUNDLE_IDENTIFIER = "com.example.cocoapods-playgroundTests";
				PRODUCT_NAME = "$(TARGET_NAME)";
				TEST_HOST = "$(BUILT_PRODUCTS_DIR)/cocoapods-playground.app/Contents/MacOS/cocoapods-playground";
			};
			name = Release;
		};
		4C116FE62650ED4F00ED63F4 /* Debug */ = {
			isa = XCBuildConfiguration;
			baseConfigurationReference = 0F90E54A95CADB30B799AC04 /* Pods-cocoapods-playground-cocoapods-playgroundUITests.debug.xcconfig */;
			buildSettings = {
				CODE_SIGN_STYLE = Automatic;
				COMBINE_HIDPI_IMAGES = YES;
				INFOPLIST_FILE = "cocoapods-playgroundUITests/Info.plist";
				LD_RUNPATH_SEARCH_PATHS = (
					"$(inherited)",
					"@executable_path/../Frameworks",
					"@loader_path/../Frameworks",
				);
				PRODUCT_BUNDLE_IDENTIFIER = "com.example.cocoapods-playgroundUITests";
				PRODUCT_NAME = "$(TARGET_NAME)";
				TEST_TARGET_NAME = "cocoapods-playground";
			};
			name = Debug;
		};
		4C116FE72650ED4F00ED63F4 /* Release */ = {
			isa = XCBuildConfiguration;
			baseConfigurationReference = 8C39F26BA0C35E264D827FE6 /* Pods-cocoapods-playground-cocoapods-playgroundUITests.release.xcconfig */;
			buildSettings = {
				CODE_SIGN_STYLE = Automatic;
				COMBINE_HIDPI_IMAGES = YES;
				INFOPLIST_FILE = "cocoapods-playgroundUITests/Info.plist";
				LD_RUNPATH_SEARCH_PATHS = (
					"$(inherited)",
					"@executable_path/../Frameworks",
					"@loader_path/../Frameworks",
				);
				PRODUCT_BUNDLE_IDENTIFIER = "com.example.cocoapods-playgroundUITests";
				PRODUCT_NAME = "$(TARGET_NAME)";
				TEST_TARGET_NAME = "cocoapods-playground";
			};
			name = Release;
		};
/* End XCBuildConfiguration section */

/* Begin XCConfigurationList section */
		4C116FB02650ED4E00ED63F4 /* Build configuration list for PBXProject "cocoapods-playground" */ = {
			isa = XCConfigurationList;
			buildConfigurations = (
				4C116FDD2650ED4F00ED63F4 /* Debug */,
				4C116FDE2650ED4F00ED63F4 /* Release */,
			);
			defaultConfigurationIsVisible = 0;
			defaultConfigurationName = Release;
		};
		4C116FDF2650ED4F00ED63F4 /* Build configuration list for PBXNativeTarget "cocoapods-playground" */ = {
			isa = XCConfigurationList;
			buildConfigurations = (
				4C116FE02650ED4F00ED63F4 /* Debug */,
				4C116FE12650ED4F00ED63F4 /* Release */,
			);
			defaultConfigurationIsVisible = 0;
			defaultConfigurationName = Release;
		};
		4C116FE22650ED4F00ED63F4 /* Build configuration list for PBXNativeTarget "cocoapods-playgroundTests" */ = {
			isa = XCConfigurationList;
			buildConfigurations = (
				4C116FE32650ED4F00ED63F4 /* Debug */,
				4C116FE42650ED4F00ED63F4 /* Release */,
			);
			defaultConfigurationIsVisible = 0;
			defaultConfigurationName = Release;
		};
		4C116FE52650ED4F00ED63F4 /* Build configuration list for PBXNativeTarget "cocoapods-playgroundUITests" */ = {
			isa = XCConfigurationList;
			buildConfigurations = (
				4C116FE62650ED4F00ED63F4 /* Debug */,
				4C116FE72650ED4F00ED63F4 /* Release */,
			);
			defaultConfigurationIsVisible = 0;
			defaultConfigurationName = Release;
		};
/* End XCConfigurationList section */
	};
	rootObject = 4C116FAD2650ED4E00ED63F4 /* Project object */;
}
