PODS:
  - cocoapods-playground (0.1.0)
  - Nimble (8.0.9)
  - Quick (2.2.1)

DEPENDENCIES:
  - cocoapods-playground (from `../`)
  - Nimble (~> 8.0.7)
  - Quick (~> 2.2.0)

SPEC REPOS:
  trunk:
    - Nimble
    - Quick

EXTERNAL SOURCES:
  cocoapods-playground:
    :path: "../"

SPEC CHECKSUMS:
  cocoapods-playground: abc360a3db324594972a3fa7c7714ae65216d7cd
  Nimble: 98b888285a615fd34f20e61753cf58ea1402bde4
  Quick: f5754d69b7013f5864c29aab9ae6f0c79c5bc200

PODFILE CHECKSUM: 612e331b288bf3c0ec4d5f1d811b74bae33af4d1

COCOAPODS: 1.10.1
