PODS:
  - Nimble (8.0.9)
  - PodTests (0.1.0)
  - Quick (2.2.1)

DEPENDENCIES:
  - Nimble (~> 8.0.7)
  - PodTests (from `../`)
  - Quick (~> 2.2.0)

SPEC REPOS:
  trunk:
    - Nimble
    - Quick

EXTERNAL SOURCES:
  PodTests:
    :path: "../"

SPEC CHECKSUMS:
  Nimble: 98b888285a615fd34f20e61753cf58ea1402bde4
  PodTests: 56562db7140ccbbd540c904c86e8e073b89ce9d4
  Quick: f5754d69b7013f5864c29aab9ae6f0c79c5bc200

PODFILE CHECKSUM: 07577fceb89b887e908afbec6cdace0ece7c38ba

COCOAPODS: 1.10.1
